// !$*UTF8*$!
{
	archiveVersion = 1;
	classes = {
	};
	objectVersion = 53;
	objects = {

/* Begin PBXBuildFile section */
		0A04C36E2739892100D93925 /* UserViewModel.swift in Sources */ = {isa = PBXBuildFile; fileRef = 0A04C36D2739892100D93925 /* UserViewModel.swift */; };
		0A04C3702739A2CF00D93925 /* UserData.swift in Sources */ = {isa = PBXBuildFile; fileRef = 0A04C36F2739A2CF00D93925 /* UserData.swift */; };
		0A04C37C2739DC5800D93925 /* AddLocationView.swift in Sources */ = {isa = PBXBuildFile; fileRef = 0A04C37B2739DC5800D93925 /* AddLocationView.swift */; };
		0A04C37E2739DE5D00D93925 /* AddTripView.swift in Sources */ = {isa = PBXBuildFile; fileRef = 0A04C37D2739DE5D00D93925 /* AddTripView.swift */; };
		0A101E6C2731974800A25C9B /* LocationViewModel.swift in Sources */ = {isa = PBXBuildFile; fileRef = 0A101E6B2731974800A25C9B /* LocationViewModel.swift */; };
		0A101E6F2731978600A25C9B /* WeatherApi.swift in Sources */ = {isa = PBXBuildFile; fileRef = 0A101E6E2731978600A25C9B /* WeatherApi.swift */; };
		0A101E72273197A000A25C9B /* Inject.swift in Sources */ = {isa = PBXBuildFile; fileRef = 0A101E71273197A000A25C9B /* Inject.swift */; };
		0A101E752731A0CB00A25C9B /* Swinject in Frameworks */ = {isa = PBXBuildFile; productRef = 0A101E742731A0CB00A25C9B /* Swinject */; };
		0A101E772731A6B900A25C9B /* ServiceRegistry.swift in Sources */ = {isa = PBXBuildFile; fileRef = 0A101E762731A6B900A25C9B /* ServiceRegistry.swift */; };
		0A2E292B2728580C00D3EC34 /* SkywalkerApp.swift in Sources */ = {isa = PBXBuildFile; fileRef = 0A2E292A2728580C00D3EC34 /* SkywalkerApp.swift */; };
		0A2E292D2728580C00D3EC34 /* ContentView.swift in Sources */ = {isa = PBXBuildFile; fileRef = 0A2E292C2728580C00D3EC34 /* ContentView.swift */; };
		0A2E292F2728580D00D3EC34 /* Assets.xcassets in Resources */ = {isa = PBXBuildFile; fileRef = 0A2E292E2728580D00D3EC34 /* Assets.xcassets */; };
		0A2E29322728580D00D3EC34 /* Preview Assets.xcassets in Resources */ = {isa = PBXBuildFile; fileRef = 0A2E29312728580D00D3EC34 /* Preview Assets.xcassets */; };
		0A2E293C27285A0A00D3EC34 /* TripView.swift in Sources */ = {isa = PBXBuildFile; fileRef = 0A2E293B27285A0A00D3EC34 /* TripView.swift */; };
		0A2E294027285BA800D3EC34 /* LocationView.swift in Sources */ = {isa = PBXBuildFile; fileRef = 0A2E293F27285BA800D3EC34 /* LocationView.swift */; };
		0A2E296D2728972100D3EC34 /* TripViewModel.swift in Sources */ = {isa = PBXBuildFile; fileRef = 0A2E296C2728972100D3EC34 /* TripViewModel.swift */; };
		0A2E29702728973A00D3EC34 /* Trip.swift in Sources */ = {isa = PBXBuildFile; fileRef = 0A2E296F2728973A00D3EC34 /* Trip.swift */; };
		0A2E29722728979500D3EC34 /* Location.swift in Sources */ = {isa = PBXBuildFile; fileRef = 0A2E29712728979500D3EC34 /* Location.swift */; };
		0A2E2974272897CE00D3EC34 /* Weather.swift in Sources */ = {isa = PBXBuildFile; fileRef = 0A2E2973272897CE00D3EC34 /* Weather.swift */; };
		0AAA5F57273ABA7700ECB7C4 /* CurrentWeatherViewModel.swift in Sources */ = {isa = PBXBuildFile; fileRef = 0AAA5F56273ABA7700ECB7C4 /* CurrentWeatherViewModel.swift */; };
		0ADD1D672739657300649B44 /* CurrentWeatherView.swift in Sources */ = {isa = PBXBuildFile; fileRef = 0ADD1D662739657200649B44 /* CurrentWeatherView.swift */; };
		0ADD1D69273965A500649B44 /* WeatherForecastView.swift in Sources */ = {isa = PBXBuildFile; fileRef = 0ADD1D68273965A500649B44 /* WeatherForecastView.swift */; };
		0ADD1D742739763700649B44 /* AddButtonView.swift in Sources */ = {isa = PBXBuildFile; fileRef = 0ADD1D732739763700649B44 /* AddButtonView.swift */; };
		0ADD1D7627397E2E00649B44 /* WeatherIconView.swift in Sources */ = {isa = PBXBuildFile; fileRef = 0ADD1D7527397E2E00649B44 /* WeatherIconView.swift */; };
		0ADD1D7827397E8700649B44 /* WeatherStatus.swift in Sources */ = {isa = PBXBuildFile; fileRef = 0ADD1D7727397E8700649B44 /* WeatherStatus.swift */; };
/* End PBXBuildFile section */

/* Begin PBXFileReference section */
		0A04C36D2739892100D93925 /* UserViewModel.swift */ = {isa = PBXFileReference; lastKnownFileType = sourcecode.swift; path = UserViewModel.swift; sourceTree = "<group>"; };
		0A04C36F2739A2CF00D93925 /* UserData.swift */ = {isa = PBXFileReference; lastKnownFileType = sourcecode.swift; path = UserData.swift; sourceTree = "<group>"; };
		0A04C37B2739DC5800D93925 /* AddLocationView.swift */ = {isa = PBXFileReference; lastKnownFileType = sourcecode.swift; path = AddLocationView.swift; sourceTree = "<group>"; };
		0A04C37D2739DE5D00D93925 /* AddTripView.swift */ = {isa = PBXFileReference; lastKnownFileType = sourcecode.swift; path = AddTripView.swift; sourceTree = "<group>"; };
		0A101E6B2731974800A25C9B /* LocationViewModel.swift */ = {isa = PBXFileReference; lastKnownFileType = sourcecode.swift; path = LocationViewModel.swift; sourceTree = "<group>"; };
		0A101E6E2731978600A25C9B /* WeatherApi.swift */ = {isa = PBXFileReference; lastKnownFileType = sourcecode.swift; path = WeatherApi.swift; sourceTree = "<group>"; };
		0A101E71273197A000A25C9B /* Inject.swift */ = {isa = PBXFileReference; lastKnownFileType = sourcecode.swift; path = Inject.swift; sourceTree = "<group>"; };
		0A101E762731A6B900A25C9B /* ServiceRegistry.swift */ = {isa = PBXFileReference; lastKnownFileType = sourcecode.swift; path = ServiceRegistry.swift; sourceTree = "<group>"; };
		0A2E29272728580C00D3EC34 /* Skywalker.app */ = {isa = PBXFileReference; explicitFileType = wrapper.application; includeInIndex = 0; path = Skywalker.app; sourceTree = BUILT_PRODUCTS_DIR; };
		0A2E292A2728580C00D3EC34 /* SkywalkerApp.swift */ = {isa = PBXFileReference; lastKnownFileType = sourcecode.swift; path = SkywalkerApp.swift; sourceTree = "<group>"; };
		0A2E292C2728580C00D3EC34 /* ContentView.swift */ = {isa = PBXFileReference; lastKnownFileType = sourcecode.swift; path = ContentView.swift; sourceTree = "<group>"; };
		0A2E292E2728580D00D3EC34 /* Assets.xcassets */ = {isa = PBXFileReference; lastKnownFileType = folder.assetcatalog; path = Assets.xcassets; sourceTree = "<group>"; };
		0A2E29312728580D00D3EC34 /* Preview Assets.xcassets */ = {isa = PBXFileReference; lastKnownFileType = folder.assetcatalog; path = "Preview Assets.xcassets"; sourceTree = "<group>"; };
		0A2E293B27285A0A00D3EC34 /* TripView.swift */ = {isa = PBXFileReference; lastKnownFileType = sourcecode.swift; path = TripView.swift; sourceTree = "<group>"; };
		0A2E293F27285BA800D3EC34 /* LocationView.swift */ = {isa = PBXFileReference; lastKnownFileType = sourcecode.swift; path = LocationView.swift; sourceTree = "<group>"; };
		0A2E296C2728972100D3EC34 /* TripViewModel.swift */ = {isa = PBXFileReference; lastKnownFileType = sourcecode.swift; path = TripViewModel.swift; sourceTree = "<group>"; };
		0A2E296F2728973A00D3EC34 /* Trip.swift */ = {isa = PBXFileReference; lastKnownFileType = sourcecode.swift; path = Trip.swift; sourceTree = "<group>"; };
		0A2E29712728979500D3EC34 /* Location.swift */ = {isa = PBXFileReference; lastKnownFileType = sourcecode.swift; path = Location.swift; sourceTree = "<group>"; };
		0A2E2973272897CE00D3EC34 /* Weather.swift */ = {isa = PBXFileReference; lastKnownFileType = sourcecode.swift; path = Weather.swift; sourceTree = "<group>"; };
		0AAA5F56273ABA7700ECB7C4 /* CurrentWeatherViewModel.swift */ = {isa = PBXFileReference; lastKnownFileType = sourcecode.swift; path = CurrentWeatherViewModel.swift; sourceTree = "<group>"; };
		0ADD1D662739657200649B44 /* CurrentWeatherView.swift */ = {isa = PBXFileReference; lastKnownFileType = sourcecode.swift; path = CurrentWeatherView.swift; sourceTree = "<group>"; };
		0ADD1D68273965A500649B44 /* WeatherForecastView.swift */ = {isa = PBXFileReference; lastKnownFileType = sourcecode.swift; path = WeatherForecastView.swift; sourceTree = "<group>"; };
		0ADD1D732739763700649B44 /* AddButtonView.swift */ = {isa = PBXFileReference; lastKnownFileType = sourcecode.swift; path = AddButtonView.swift; sourceTree = "<group>"; };
		0ADD1D7527397E2E00649B44 /* WeatherIconView.swift */ = {isa = PBXFileReference; lastKnownFileType = sourcecode.swift; path = WeatherIconView.swift; sourceTree = "<group>"; };
		0ADD1D7727397E8700649B44 /* WeatherStatus.swift */ = {isa = PBXFileReference; lastKnownFileType = sourcecode.swift; path = WeatherStatus.swift; sourceTree = "<group>"; };
/* End PBXFileReference section */

/* Begin PBXFrameworksBuildPhase section */
		0A2E29242728580C00D3EC34 /* Frameworks */ = {
			isa = PBXFrameworksBuildPhase;
			buildActionMask = 2147483647;
			files = (
				0A101E752731A0CB00A25C9B /* Swinject in Frameworks */,
			);
			runOnlyForDeploymentPostprocessing = 0;
		};
/* End PBXFrameworksBuildPhase section */

/* Begin PBXGroup section */
		0A04C3772739B68A00D93925 /* Buttons */ = {
			isa = PBXGroup;
			children = (
				0ADD1D732739763700649B44 /* AddButtonView.swift */,
			);
			path = Buttons;
			sourceTree = "<group>";
		};
		0A04C3782739B6A300D93925 /* Weather */ = {
			isa = PBXGroup;
			children = (
				0ADD1D662739657200649B44 /* CurrentWeatherView.swift */,
				0ADD1D68273965A500649B44 /* WeatherForecastView.swift */,
				0ADD1D7527397E2E00649B44 /* WeatherIconView.swift */,
			);
			path = Weather;
			sourceTree = "<group>";
		};
		0A101E6D2731977800A25C9B /* Services */ = {
			isa = PBXGroup;
			children = (
				0A101E6E2731978600A25C9B /* WeatherApi.swift */,
			);
			path = Services;
			sourceTree = "<group>";
		};
		0A101E702731979000A25C9B /* ServiceRegistry */ = {
			isa = PBXGroup;
			children = (
				0A101E71273197A000A25C9B /* Inject.swift */,
				0A101E762731A6B900A25C9B /* ServiceRegistry.swift */,
			);
			path = ServiceRegistry;
			sourceTree = "<group>";
		};
		0A2E291E2728580C00D3EC34 = {
			isa = PBXGroup;
			children = (
				0A2E29292728580C00D3EC34 /* Skywalker */,
				0A2E29282728580C00D3EC34 /* Products */,
			);
			sourceTree = "<group>";
		};
		0A2E29282728580C00D3EC34 /* Products */ = {
			isa = PBXGroup;
			children = (
				0A2E29272728580C00D3EC34 /* Skywalker.app */,
			);
			name = Products;
			sourceTree = "<group>";
		};
		0A2E29292728580C00D3EC34 /* Skywalker */ = {
			isa = PBXGroup;
			children = (
				0A101E702731979000A25C9B /* ServiceRegistry */,
				0A101E6D2731977800A25C9B /* Services */,
				0A2E296E2728972B00D3EC34 /* Models */,
				0A2E296727288D1200D3EC34 /* ViewModels */,
				0A2E29382728587D00D3EC34 /* Views */,
				0A2E292A2728580C00D3EC34 /* SkywalkerApp.swift */,
				0A2E292C2728580C00D3EC34 /* ContentView.swift */,
				0A2E292E2728580D00D3EC34 /* Assets.xcassets */,
				0A2E29302728580D00D3EC34 /* Preview Content */,
			);
			path = Skywalker;
			sourceTree = "<group>";
		};
		0A2E29302728580D00D3EC34 /* Preview Content */ = {
			isa = PBXGroup;
			children = (
				0A2E29312728580D00D3EC34 /* Preview Assets.xcassets */,
			);
			path = "Preview Content";
			sourceTree = "<group>";
		};
		0A2E29382728587D00D3EC34 /* Views */ = {
			isa = PBXGroup;
			children = (
				0A04C3782739B6A300D93925 /* Weather */,
				0A04C3772739B68A00D93925 /* Buttons */,
				0A2E293B27285A0A00D3EC34 /* TripView.swift */,
				0A2E293F27285BA800D3EC34 /* LocationView.swift */,
				0A04C37B2739DC5800D93925 /* AddLocationView.swift */,
				0A04C37D2739DE5D00D93925 /* AddTripView.swift */,
			);
			path = Views;
			sourceTree = "<group>";
		};
		0A2E296727288D1200D3EC34 /* ViewModels */ = {
			isa = PBXGroup;
			children = (
				0A2E296C2728972100D3EC34 /* TripViewModel.swift */,
				0A101E6B2731974800A25C9B /* LocationViewModel.swift */,
				0A04C36D2739892100D93925 /* UserViewModel.swift */,
				0AAA5F56273ABA7700ECB7C4 /* CurrentWeatherViewModel.swift */,
			);
			path = ViewModels;
			sourceTree = "<group>";
		};
		0A2E296E2728972B00D3EC34 /* Models */ = {
			isa = PBXGroup;
			children = (
				0A2E296F2728973A00D3EC34 /* Trip.swift */,
				0A2E29712728979500D3EC34 /* Location.swift */,
				0A2E2973272897CE00D3EC34 /* Weather.swift */,
				0ADD1D7727397E8700649B44 /* WeatherStatus.swift */,
				0A04C36F2739A2CF00D93925 /* UserData.swift */,
			);
			path = Models;
			sourceTree = "<group>";
		};
/* End PBXGroup section */

/* Begin PBXNativeTarget section */
		0A2E29262728580C00D3EC34 /* Skywalker */ = {
			isa = PBXNativeTarget;
			buildConfigurationList = 0A2E29352728580D00D3EC34 /* Build configuration list for PBXNativeTarget "Skywalker" */;
			buildPhases = (
				0A2E29232728580C00D3EC34 /* Sources */,
				0A2E29242728580C00D3EC34 /* Frameworks */,
				0A2E29252728580C00D3EC34 /* Resources */,
			);
			buildRules = (
			);
			dependencies = (
			);
			name = Skywalker;
			packageProductDependencies = (
				0A101E742731A0CB00A25C9B /* Swinject */,
			);
			productName = Skywalker;
			productReference = 0A2E29272728580C00D3EC34 /* Skywalker.app */;
			productType = "com.apple.product-type.application";
		};
/* End PBXNativeTarget section */

/* Begin PBXProject section */
		0A2E291F2728580C00D3EC34 /* Project object */ = {
			isa = PBXProject;
			attributes = {
				BuildIndependentTargetsInParallel = 1;
				LastSwiftUpdateCheck = 1310;
				LastUpgradeCheck = 1310;
				TargetAttributes = {
					0A2E29262728580C00D3EC34 = {
						CreatedOnToolsVersion = 13.1;
					};
				};
			};
			buildConfigurationList = 0A2E29222728580C00D3EC34 /* Build configuration list for PBXProject "Skywalker" */;
			compatibilityVersion = "Xcode 9.3";
			developmentRegion = en;
			hasScannedForEncodings = 0;
			knownRegions = (
				en,
				Base,
			);
			mainGroup = 0A2E291E2728580C00D3EC34;
			packageReferences = (
				0A101E732731A0CB00A25C9B /* XCRemoteSwiftPackageReference "Swinject" */,
			);
			productRefGroup = 0A2E29282728580C00D3EC34 /* Products */;
			projectDirPath = "";
			projectRoot = "";
			targets = (
				0A2E29262728580C00D3EC34 /* Skywalker */,
			);
		};
/* End PBXProject section */

/* Begin PBXResourcesBuildPhase section */
		0A2E29252728580C00D3EC34 /* Resources */ = {
			isa = PBXResourcesBuildPhase;
			buildActionMask = 2147483647;
			files = (
				0A2E29322728580D00D3EC34 /* Preview Assets.xcassets in Resources */,
				0A2E292F2728580D00D3EC34 /* Assets.xcassets in Resources */,
			);
			runOnlyForDeploymentPostprocessing = 0;
		};
/* End PBXResourcesBuildPhase section */

/* Begin PBXSourcesBuildPhase section */
		0A2E29232728580C00D3EC34 /* Sources */ = {
			isa = PBXSourcesBuildPhase;
			buildActionMask = 2147483647;
			files = (
				0A101E772731A6B900A25C9B /* ServiceRegistry.swift in Sources */,
				0A101E72273197A000A25C9B /* Inject.swift in Sources */,
				0A2E296D2728972100D3EC34 /* TripViewModel.swift in Sources */,
				0A04C3702739A2CF00D93925 /* UserData.swift in Sources */,
				0ADD1D7627397E2E00649B44 /* WeatherIconView.swift in Sources */,
				0ADD1D7827397E8700649B44 /* WeatherStatus.swift in Sources */,
				0A101E6F2731978600A25C9B /* WeatherApi.swift in Sources */,
				0ADD1D69273965A500649B44 /* WeatherForecastView.swift in Sources */,
				0A2E29722728979500D3EC34 /* Location.swift in Sources */,
				0A2E2974272897CE00D3EC34 /* Weather.swift in Sources */,
				0A2E294027285BA800D3EC34 /* LocationView.swift in Sources */,
				0A2E29702728973A00D3EC34 /* Trip.swift in Sources */,
				0A101E6C2731974800A25C9B /* LocationViewModel.swift in Sources */,
				0A2E292D2728580C00D3EC34 /* ContentView.swift in Sources */,
				0A2E292B2728580C00D3EC34 /* SkywalkerApp.swift in Sources */,
				0A04C36E2739892100D93925 /* UserViewModel.swift in Sources */,
				0ADD1D672739657300649B44 /* CurrentWeatherView.swift in Sources */,
				0A04C37E2739DE5D00D93925 /* AddTripView.swift in Sources */,
				0A04C37C2739DC5800D93925 /* AddLocationView.swift in Sources */,
				0ADD1D742739763700649B44 /* AddButtonView.swift in Sources */,
				0A2E293C27285A0A00D3EC34 /* TripView.swift in Sources */,
				0AAA5F57273ABA7700ECB7C4 /* CurrentWeatherViewModel.swift in Sources */,
			);
			runOnlyForDeploymentPostprocessing = 0;
		};
/* End PBXSourcesBuildPhase section */

/* Begin XCBuildConfiguration section */
		0A2E29332728580D00D3EC34 /* Debug */ = {
			isa = XCBuildConfiguration;
			buildSettings = {
				ALWAYS_SEARCH_USER_PATHS = NO;
				CLANG_ANALYZER_NONNULL = YES;
				CLANG_ANALYZER_NUMBER_OBJECT_CONVERSION = YES_AGGRESSIVE;
				CLANG_CXX_LANGUAGE_STANDARD = "gnu++17";
				CLANG_CXX_LIBRARY = "libc++";
				CLANG_ENABLE_MODULES = YES;
				CLANG_ENABLE_OBJC_ARC = YES;
				CLANG_ENABLE_OBJC_WEAK = YES;
				CLANG_WARN_BLOCK_CAPTURE_AUTORELEASING = YES;
				CLANG_WARN_BOOL_CONVERSION = YES;
				CLANG_WARN_COMMA = YES;
				CLANG_WARN_CONSTANT_CONVERSION = YES;
				CLANG_WARN_DEPRECATED_OBJC_IMPLEMENTATIONS = YES;
				CLANG_WARN_DIRECT_OBJC_ISA_USAGE = YES_ERROR;
				CLANG_WARN_DOCUMENTATION_COMMENTS = YES;
				CLANG_WARN_EMPTY_BODY = YES;
				CLANG_WARN_ENUM_CONVERSION = YES;
				CLANG_WARN_INFINITE_RECURSION = YES;
				CLANG_WARN_INT_CONVERSION = YES;
				CLANG_WARN_NON_LITERAL_NULL_CONVERSION = YES;
				CLANG_WARN_OBJC_IMPLICIT_RETAIN_SELF = YES;
				CLANG_WARN_OBJC_LITERAL_CONVERSION = YES;
				CLANG_WARN_OBJC_ROOT_CLASS = YES_ERROR;
				CLANG_WARN_QUOTED_INCLUDE_IN_FRAMEWORK_HEADER = YES;
				CLANG_WARN_RANGE_LOOP_ANALYSIS = YES;
				CLANG_WARN_STRICT_PROTOTYPES = YES;
				CLANG_WARN_SUSPICIOUS_MOVE = YES;
				CLANG_WARN_UNGUARDED_AVAILABILITY = YES_AGGRESSIVE;
				CLANG_WARN_UNREACHABLE_CODE = YES;
				CLANG_WARN__DUPLICATE_METHOD_MATCH = YES;
				COPY_PHASE_STRIP = NO;
				DEBUG_INFORMATION_FORMAT = dwarf;
				ENABLE_STRICT_OBJC_MSGSEND = YES;
				ENABLE_TESTABILITY = YES;
				GCC_C_LANGUAGE_STANDARD = gnu11;
				GCC_DYNAMIC_NO_PIC = NO;
				GCC_NO_COMMON_BLOCKS = YES;
				GCC_OPTIMIZATION_LEVEL = 0;
				GCC_PREPROCESSOR_DEFINITIONS = (
					"DEBUG=1",
					"$(inherited)",
				);
				GCC_WARN_64_TO_32_BIT_CONVERSION = YES;
				GCC_WARN_ABOUT_RETURN_TYPE = YES_ERROR;
				GCC_WARN_UNDECLARED_SELECTOR = YES;
				GCC_WARN_UNINITIALIZED_AUTOS = YES_AGGRESSIVE;
				GCC_WARN_UNUSED_FUNCTION = YES;
				GCC_WARN_UNUSED_VARIABLE = YES;
				IPHONEOS_DEPLOYMENT_TARGET = 15.0;
				MTL_ENABLE_DEBUG_INFO = INCLUDE_SOURCE;
				MTL_FAST_MATH = YES;
				ONLY_ACTIVE_ARCH = YES;
				SDKROOT = iphoneos;
				SWIFT_ACTIVE_COMPILATION_CONDITIONS = DEBUG;
				SWIFT_OPTIMIZATION_LEVEL = "-Onone";
			};
			name = Debug;
		};
		0A2E29342728580D00D3EC34 /* Release */ = {
			isa = XCBuildConfiguration;
			buildSettings = {
				ALWAYS_SEARCH_USER_PATHS = NO;
				CLANG_ANALYZER_NONNULL = YES;
				CLANG_ANALYZER_NUMBER_OBJECT_CONVERSION = YES_AGGRESSIVE;
				CLANG_CXX_LANGUAGE_STANDARD = "gnu++17";
				CLANG_CXX_LIBRARY = "libc++";
				CLANG_ENABLE_MODULES = YES;
				CLANG_ENABLE_OBJC_ARC = YES;
				CLANG_ENABLE_OBJC_WEAK = YES;
				CLANG_WARN_BLOCK_CAPTURE_AUTORELEASING = YES;
				CLANG_WARN_BOOL_CONVERSION = YES;
				CLANG_WARN_COMMA = YES;
				CLANG_WARN_CONSTANT_CONVERSION = YES;
				CLANG_WARN_DEPRECATED_OBJC_IMPLEMENTATIONS = YES;
				CLANG_WARN_DIRECT_OBJC_ISA_USAGE = YES_ERROR;
				CLANG_WARN_DOCUMENTATION_COMMENTS = YES;
				CLANG_WARN_EMPTY_BODY = YES;
				CLANG_WARN_ENUM_CONVERSION = YES;
				CLANG_WARN_INFINITE_RECURSION = YES;
				CLANG_WARN_INT_CONVERSION = YES;
				CLANG_WARN_NON_LITERAL_NULL_CONVERSION = YES;
				CLANG_WARN_OBJC_IMPLICIT_RETAIN_SELF = YES;
				CLANG_WARN_OBJC_LITERAL_CONVERSION = YES;
				CLANG_WARN_OBJC_ROOT_CLASS = YES_ERROR;
				CLANG_WARN_QUOTED_INCLUDE_IN_FRAMEWORK_HEADER = YES;
				CLANG_WARN_RANGE_LOOP_ANALYSIS = YES;
				CLANG_WARN_STRICT_PROTOTYPES = YES;
				CLANG_WARN_SUSPICIOUS_MOVE = YES;
				CLANG_WARN_UNGUARDED_AVAILABILITY = YES_AGGRESSIVE;
				CLANG_WARN_UNREACHABLE_CODE = YES;
				CLANG_WARN__DUPLICATE_METHOD_MATCH = YES;
				COPY_PHASE_STRIP = NO;
				DEBUG_INFORMATION_FORMAT = "dwarf-with-dsym";
				ENABLE_NS_ASSERTIONS = NO;
				ENABLE_STRICT_OBJC_MSGSEND = YES;
				GCC_C_LANGUAGE_STANDARD = gnu11;
				GCC_NO_COMMON_BLOCKS = YES;
				GCC_WARN_64_TO_32_BIT_CONVERSION = YES;
				GCC_WARN_ABOUT_RETURN_TYPE = YES_ERROR;
				GCC_WARN_UNDECLARED_SELECTOR = YES;
				GCC_WARN_UNINITIALIZED_AUTOS = YES_AGGRESSIVE;
				GCC_WARN_UNUSED_FUNCTION = YES;
				GCC_WARN_UNUSED_VARIABLE = YES;
				IPHONEOS_DEPLOYMENT_TARGET = 15.0;
				MTL_ENABLE_DEBUG_INFO = NO;
				MTL_FAST_MATH = YES;
				SDKROOT = iphoneos;
				SWIFT_COMPILATION_MODE = wholemodule;
				SWIFT_OPTIMIZATION_LEVEL = "-O";
				VALIDATE_PRODUCT = YES;
			};
			name = Release;
		};
		0A2E29362728580D00D3EC34 /* Debug */ = {
			isa = XCBuildConfiguration;
			buildSettings = {
				ASSETCATALOG_COMPILER_APPICON_NAME = AppIcon;
				ASSETCATALOG_COMPILER_GLOBAL_ACCENT_COLOR_NAME = AccentColor;
				CODE_SIGN_STYLE = Automatic;
				CURRENT_PROJECT_VERSION = 1;
				DEVELOPMENT_ASSET_PATHS = "\"Skywalker/Preview Content\"";
				DEVELOPMENT_TEAM = F2NXL88V7B;
				ENABLE_PREVIEWS = YES;
				GENERATE_INFOPLIST_FILE = YES;
				INFOPLIST_KEY_UIApplicationSceneManifest_Generation = YES;
				INFOPLIST_KEY_UIApplicationSupportsIndirectInputEvents = YES;
				INFOPLIST_KEY_UILaunchScreen_Generation = YES;
				INFOPLIST_KEY_UISupportedInterfaceOrientations_iPad = "UIInterfaceOrientationPortrait UIInterfaceOrientationPortraitUpsideDown UIInterfaceOrientationLandscapeLeft UIInterfaceOrientationLandscapeRight";
				INFOPLIST_KEY_UISupportedInterfaceOrientations_iPhone = "UIInterfaceOrientationPortrait UIInterfaceOrientationLandscapeLeft UIInterfaceOrientationLandscapeRight";
				IPHONEOS_DEPLOYMENT_TARGET = 14.5;
				LD_RUNPATH_SEARCH_PATHS = (
					"$(inherited)",
					"@executable_path/Frameworks",
				);
				MARKETING_VERSION = 1.0;
				PRODUCT_BUNDLE_IDENTIFIER = niem94.Skywalker;
				PRODUCT_NAME = "$(TARGET_NAME)";
				SWIFT_EMIT_LOC_STRINGS = YES;
				SWIFT_VERSION = 5.0;
				TARGETED_DEVICE_FAMILY = "1,2";
			};
			name = Debug;
		};
		0A2E29372728580D00D3EC34 /* Release */ = {
			isa = XCBuildConfiguration;
			buildSettings = {
				ASSETCATALOG_COMPILER_APPICON_NAME = AppIcon;
				ASSETCATALOG_COMPILER_GLOBAL_ACCENT_COLOR_NAME = AccentColor;
				CODE_SIGN_STYLE = Automatic;
				CURRENT_PROJECT_VERSION = 1;
				DEVELOPMENT_ASSET_PATHS = "\"Skywalker/Preview Content\"";
				DEVELOPMENT_TEAM = F2NXL88V7B;
				ENABLE_PREVIEWS = YES;
				GENERATE_INFOPLIST_FILE = YES;
				INFOPLIST_KEY_UIApplicationSceneManifest_Generation = YES;
				INFOPLIST_KEY_UIApplicationSupportsIndirectInputEvents = YES;
				INFOPLIST_KEY_UILaunchScreen_Generation = YES;
				INFOPLIST_KEY_UISupportedInterfaceOrientations_iPad = "UIInterfaceOrientationPortrait UIInterfaceOrientationPortraitUpsideDown UIInterfaceOrientationLandscapeLeft UIInterfaceOrientationLandscapeRight";
				INFOPLIST_KEY_UISupportedInterfaceOrientations_iPhone = "UIInterfaceOrientationPortrait UIInterfaceOrientationLandscapeLeft UIInterfaceOrientationLandscapeRight";
				IPHONEOS_DEPLOYMENT_TARGET = 14.5;
				LD_RUNPATH_SEARCH_PATHS = (
					"$(inherited)",
					"@executable_path/Frameworks",
				);
				MARKETING_VERSION = 1.0;
				PRODUCT_BUNDLE_IDENTIFIER = niem94.Skywalker;
				PRODUCT_NAME = "$(TARGET_NAME)";
				SWIFT_EMIT_LOC_STRINGS = YES;
				SWIFT_VERSION = 5.0;
				TARGETED_DEVICE_FAMILY = "1,2";
			};
			name = Release;
		};
/* End XCBuildConfiguration section */

/* Begin XCConfigurationList section */
		0A2E29222728580C00D3EC34 /* Build configuration list for PBXProject "Skywalker" */ = {
			isa = XCConfigurationList;
			buildConfigurations = (
				0A2E29332728580D00D3EC34 /* Debug */,
				0A2E29342728580D00D3EC34 /* Release */,
			);
			defaultConfigurationIsVisible = 0;
			defaultConfigurationName = Release;
		};
		0A2E29352728580D00D3EC34 /* Build configuration list for PBXNativeTarget "Skywalker" */ = {
			isa = XCConfigurationList;
			buildConfigurations = (
				0A2E29362728580D00D3EC34 /* Debug */,
				0A2E29372728580D00D3EC34 /* Release */,
			);
			defaultConfigurationIsVisible = 0;
			defaultConfigurationName = Release;
		};
/* End XCConfigurationList section */

/* Begin XCRemoteSwiftPackageReference section */
		0A101E732731A0CB00A25C9B /* XCRemoteSwiftPackageReference "Swinject" */ = {
			isa = XCRemoteSwiftPackageReference;
			repositoryURL = "https://github.com/Swinject/Swinject";
			requirement = {
				kind = upToNextMajorVersion;
				minimumVersion = 2.0.0;
			};
		};
/* End XCRemoteSwiftPackageReference section */

/* Begin XCSwiftPackageProductDependency section */
		0A101E742731A0CB00A25C9B /* Swinject */ = {
			isa = XCSwiftPackageProductDependency;
			package = 0A101E732731A0CB00A25C9B /* XCRemoteSwiftPackageReference "Swinject" */;
			productName = Swinject;
		};
/* End XCSwiftPackageProductDependency section */
	};
	rootObject = 0A2E291F2728580C00D3EC34 /* Project object */;
}
