// !$*UTF8*$!
{
	archiveVersion = 1;
	classes = {
	};
	objectVersion = 53;
	objects = {

/* Begin PBXBuildFile section */
		0A04C37C2739DC5800D93925 /* AddLocationView.swift in Sources */ = {isa = PBXBuildFile; fileRef = 0A04C37B2739DC5800D93925 /* AddLocationView.swift */; };
		0A04C37E2739DE5D00D93925 /* AddTripView.swift in Sources */ = {isa = PBXBuildFile; fileRef = 0A04C37D2739DE5D00D93925 /* AddTripView.swift */; };
		0A101E6C2731974800A25C9B /* WeatherViewModel.swift in Sources */ = {isa = PBXBuildFile; fileRef = 0A101E6B2731974800A25C9B /* WeatherViewModel.swift */; };
		0A101E6F2731978600A25C9B /* OpenWeatherApi.swift in Sources */ = {isa = PBXBuildFile; fileRef = 0A101E6E2731978600A25C9B /* OpenWeatherApi.swift */; };
		0A101E72273197A000A25C9B /* Inject.swift in Sources */ = {isa = PBXBuildFile; fileRef = 0A101E71273197A000A25C9B /* Inject.swift */; };
		0A101E752731A0CB00A25C9B /* Swinject in Frameworks */ = {isa = PBXBuildFile; productRef = 0A101E742731A0CB00A25C9B /* Swinject */; };
		0A101E772731A6B900A25C9B /* ServiceRegistry.swift in Sources */ = {isa = PBXBuildFile; fileRef = 0A101E762731A6B900A25C9B /* ServiceRegistry.swift */; };
		0A1A40FA276CECF100CEAA56 /* LocationProvider.swift in Sources */ = {isa = PBXBuildFile; fileRef = 0A1A40F9276CECF100CEAA56 /* LocationProvider.swift */; };
		0A2E292B2728580C00D3EC34 /* SkywalkerApp.swift in Sources */ = {isa = PBXBuildFile; fileRef = 0A2E292A2728580C00D3EC34 /* SkywalkerApp.swift */; };
		0A2E292F2728580D00D3EC34 /* Assets.xcassets in Resources */ = {isa = PBXBuildFile; fileRef = 0A2E292E2728580D00D3EC34 /* Assets.xcassets */; };
		0A2E29322728580D00D3EC34 /* Preview Assets.xcassets in Resources */ = {isa = PBXBuildFile; fileRef = 0A2E29312728580D00D3EC34 /* Preview Assets.xcassets */; };
		0A2E293C27285A0A00D3EC34 /* TripView.swift in Sources */ = {isa = PBXBuildFile; fileRef = 0A2E293B27285A0A00D3EC34 /* TripView.swift */; };
		0A2E294027285BA800D3EC34 /* WeatherView.swift in Sources */ = {isa = PBXBuildFile; fileRef = 0A2E293F27285BA800D3EC34 /* WeatherView.swift */; };
		0A2E296D2728972100D3EC34 /* TripViewModel.swift in Sources */ = {isa = PBXBuildFile; fileRef = 0A2E296C2728972100D3EC34 /* TripViewModel.swift */; };
		0A2E29702728973A00D3EC34 /* Trip.swift in Sources */ = {isa = PBXBuildFile; fileRef = 0A2E296F2728973A00D3EC34 /* Trip.swift */; };
		0A2E2974272897CE00D3EC34 /* Weather.swift in Sources */ = {isa = PBXBuildFile; fileRef = 0A2E2973272897CE00D3EC34 /* Weather.swift */; };
		0A63ECF2276CA5A600A8970A /* SaveLocationError.swift in Sources */ = {isa = PBXBuildFile; fileRef = 0A63ECF1276CA5A600A8970A /* SaveLocationError.swift */; };
		0A64B3DF274C4F69003EF88B /* UserData.swift in Sources */ = {isa = PBXBuildFile; fileRef = 0A64B3DE274C4F69003EF88B /* UserData.swift */; };
		0A657931274EE1220027595F /* GeoLocationDTO.swift in Sources */ = {isa = PBXBuildFile; fileRef = 0A657930274EE1220027595F /* GeoLocationDTO.swift */; };
		0A657933274EF3C50027595F /* WeatherCollectionDTO.swift in Sources */ = {isa = PBXBuildFile; fileRef = 0A657932274EF3C50027595F /* WeatherCollectionDTO.swift */; };
		0A657935274EF6D70027595F /* AddLocationViewModel.swift in Sources */ = {isa = PBXBuildFile; fileRef = 0A657934274EF6D70027595F /* AddLocationViewModel.swift */; };
		0A657937274EFECE0027595F /* ApiError.swift in Sources */ = {isa = PBXBuildFile; fileRef = 0A657936274EFECE0027595F /* ApiError.swift */; };
		0A657939274F0CC00027595F /* DailyForecastDTO.swift in Sources */ = {isa = PBXBuildFile; fileRef = 0A657938274F0CC00027595F /* DailyForecastDTO.swift */; };
		0A65793B274F0D420027595F /* CurrentWeatherDTO.swift in Sources */ = {isa = PBXBuildFile; fileRef = 0A65793A274F0D420027595F /* CurrentWeatherDTO.swift */; };
		0A65793D274F0E3E0027595F /* RainDTO.swift in Sources */ = {isa = PBXBuildFile; fileRef = 0A65793C274F0E3E0027595F /* RainDTO.swift */; };
		0A65793F274F11A30027595F /* WeatherDTO.swift in Sources */ = {isa = PBXBuildFile; fileRef = 0A65793E274F11A30027595F /* WeatherDTO.swift */; };
		0A657941274F12380027595F /* TemperatureDTO.swift in Sources */ = {isa = PBXBuildFile; fileRef = 0A657940274F12380027595F /* TemperatureDTO.swift */; };
		0A657943274F125C0027595F /* FeelsLikeDTO.swift in Sources */ = {isa = PBXBuildFile; fileRef = 0A657942274F125C0027595F /* FeelsLikeDTO.swift */; };
		0A9854BC274D56860090336F /* RoundButton.swift in Sources */ = {isa = PBXBuildFile; fileRef = 0A9854BB274D56860090336F /* RoundButton.swift */; };
		0A9854D6274D6ED60090336F /* WeatherTabView.swift in Sources */ = {isa = PBXBuildFile; fileRef = 0A9854D5274D6ED60090336F /* WeatherTabView.swift */; };
		0A9854D9274D71B80090336F /* LocationAndTripSliderView.swift in Sources */ = {isa = PBXBuildFile; fileRef = 0A9854D8274D71B80090336F /* LocationAndTripSliderView.swift */; };
		0A9854DB274D721E0090336F /* AddLocationTabView.swift in Sources */ = {isa = PBXBuildFile; fileRef = 0A9854DA274D721E0090336F /* AddLocationTabView.swift */; };
		0A9854DE274D72D70090336F /* CurrentWeatherTabView.swift in Sources */ = {isa = PBXBuildFile; fileRef = 0A9854DD274D72D70090336F /* CurrentWeatherTabView.swift */; };
		0A9854E0274D73120090336F /* TripTabView.swift in Sources */ = {isa = PBXBuildFile; fileRef = 0A9854DF274D73120090336F /* TripTabView.swift */; };
		0A9854E2274D735F0090336F /* AddTripTabView.swift in Sources */ = {isa = PBXBuildFile; fileRef = 0A9854E1274D735F0090336F /* AddTripTabView.swift */; };
		0AAA5F57273ABA7700ECB7C4 /* WeatherLineViewModel.swift in Sources */ = {isa = PBXBuildFile; fileRef = 0AAA5F56273ABA7700ECB7C4 /* WeatherLineViewModel.swift */; };
		0AAD7AAE274D956400494FBD /* Card.swift in Sources */ = {isa = PBXBuildFile; fileRef = 0AAD7AAD274D956400494FBD /* Card.swift */; };
		0AAD7AB5274E706000494FBD /* LocationAndTripSliderViewModel.swift in Sources */ = {isa = PBXBuildFile; fileRef = 0AAD7AB4274E706000494FBD /* LocationAndTripSliderViewModel.swift */; };
		0AAD7AB8274E725C00494FBD /* Tabs.swift in Sources */ = {isa = PBXBuildFile; fileRef = 0AAD7AB7274E725C00494FBD /* Tabs.swift */; };
		0AAD7ABA274E7FFA00494FBD /* PlusButton.swift in Sources */ = {isa = PBXBuildFile; fileRef = 0AAD7AB9274E7FFA00494FBD /* PlusButton.swift */; };
		0AAD7ABC274E821300494FBD /* Location.swift in Sources */ = {isa = PBXBuildFile; fileRef = 0AAD7ABB274E821300494FBD /* Location.swift */; };
		0AAD7ABF274E889400494FBD /* WeatherLineStyling.swift in Sources */ = {isa = PBXBuildFile; fileRef = 0AAD7ABE274E889400494FBD /* WeatherLineStyling.swift */; };
		0AAD7AC4274E8A2900494FBD /* WeatherIconStyling.swift in Sources */ = {isa = PBXBuildFile; fileRef = 0AAD7AC3274E8A2900494FBD /* WeatherIconStyling.swift */; };
		0AAD7AC6274E8A4800494FBD /* WeatherIconViewModel.swift in Sources */ = {isa = PBXBuildFile; fileRef = 0AAD7AC5274E8A4800494FBD /* WeatherIconViewModel.swift */; };
		0ADD1D672739657300649B44 /* WeatherLine.swift in Sources */ = {isa = PBXBuildFile; fileRef = 0ADD1D662739657200649B44 /* WeatherLine.swift */; };
		0ADD1D69273965A500649B44 /* WeatherForecast.swift in Sources */ = {isa = PBXBuildFile; fileRef = 0ADD1D68273965A500649B44 /* WeatherForecast.swift */; };
		0ADD1D7627397E2E00649B44 /* WeatherIcon.swift in Sources */ = {isa = PBXBuildFile; fileRef = 0ADD1D7527397E2E00649B44 /* WeatherIcon.swift */; };
		0ADD1D7827397E8700649B44 /* WeatherStatus.swift in Sources */ = {isa = PBXBuildFile; fileRef = 0ADD1D7727397E8700649B44 /* WeatherStatus.swift */; };
/* End PBXBuildFile section */

/* Begin PBXFileReference section */
		0A04C37B2739DC5800D93925 /* AddLocationView.swift */ = {isa = PBXFileReference; lastKnownFileType = sourcecode.swift; path = AddLocationView.swift; sourceTree = "<group>"; };
		0A04C37D2739DE5D00D93925 /* AddTripView.swift */ = {isa = PBXFileReference; lastKnownFileType = sourcecode.swift; path = AddTripView.swift; sourceTree = "<group>"; };
		0A101E6B2731974800A25C9B /* WeatherViewModel.swift */ = {isa = PBXFileReference; lastKnownFileType = sourcecode.swift; path = WeatherViewModel.swift; sourceTree = "<group>"; };
		0A101E6E2731978600A25C9B /* OpenWeatherApi.swift */ = {isa = PBXFileReference; lastKnownFileType = sourcecode.swift; path = OpenWeatherApi.swift; sourceTree = "<group>"; };
		0A101E71273197A000A25C9B /* Inject.swift */ = {isa = PBXFileReference; lastKnownFileType = sourcecode.swift; path = Inject.swift; sourceTree = "<group>"; };
		0A101E762731A6B900A25C9B /* ServiceRegistry.swift */ = {isa = PBXFileReference; lastKnownFileType = sourcecode.swift; path = ServiceRegistry.swift; sourceTree = "<group>"; };
		0A1A40F9276CECF100CEAA56 /* LocationProvider.swift */ = {isa = PBXFileReference; lastKnownFileType = sourcecode.swift; path = LocationProvider.swift; sourceTree = "<group>"; };
		0A2E29272728580C00D3EC34 /* Skywalker.app */ = {isa = PBXFileReference; explicitFileType = wrapper.application; includeInIndex = 0; path = Skywalker.app; sourceTree = BUILT_PRODUCTS_DIR; };
		0A2E292A2728580C00D3EC34 /* SkywalkerApp.swift */ = {isa = PBXFileReference; lastKnownFileType = sourcecode.swift; path = SkywalkerApp.swift; sourceTree = "<group>"; };
		0A2E292E2728580D00D3EC34 /* Assets.xcassets */ = {isa = PBXFileReference; lastKnownFileType = folder.assetcatalog; path = Assets.xcassets; sourceTree = "<group>"; };
		0A2E29312728580D00D3EC34 /* Preview Assets.xcassets */ = {isa = PBXFileReference; lastKnownFileType = folder.assetcatalog; path = "Preview Assets.xcassets"; sourceTree = "<group>"; };
		0A2E293B27285A0A00D3EC34 /* TripView.swift */ = {isa = PBXFileReference; lastKnownFileType = sourcecode.swift; path = TripView.swift; sourceTree = "<group>"; };
		0A2E293F27285BA800D3EC34 /* WeatherView.swift */ = {isa = PBXFileReference; lastKnownFileType = sourcecode.swift; path = WeatherView.swift; sourceTree = "<group>"; };
		0A2E296C2728972100D3EC34 /* TripViewModel.swift */ = {isa = PBXFileReference; lastKnownFileType = sourcecode.swift; path = TripViewModel.swift; sourceTree = "<group>"; };
		0A2E296F2728973A00D3EC34 /* Trip.swift */ = {isa = PBXFileReference; lastKnownFileType = sourcecode.swift; path = Trip.swift; sourceTree = "<group>"; };
		0A2E2973272897CE00D3EC34 /* Weather.swift */ = {isa = PBXFileReference; lastKnownFileType = sourcecode.swift; path = Weather.swift; sourceTree = "<group>"; };
		0A63ECF1276CA5A600A8970A /* SaveLocationError.swift */ = {isa = PBXFileReference; lastKnownFileType = sourcecode.swift; path = SaveLocationError.swift; sourceTree = "<group>"; };
		0A63ED04276CE07500A8970A /* Info.plist */ = {isa = PBXFileReference; lastKnownFileType = text.plist; path = Info.plist; sourceTree = "<group>"; };
		0A64B3DE274C4F69003EF88B /* UserData.swift */ = {isa = PBXFileReference; lastKnownFileType = sourcecode.swift; path = UserData.swift; sourceTree = "<group>"; };
		0A657930274EE1220027595F /* GeoLocationDTO.swift */ = {isa = PBXFileReference; lastKnownFileType = sourcecode.swift; path = GeoLocationDTO.swift; sourceTree = "<group>"; };
		0A657932274EF3C50027595F /* WeatherCollectionDTO.swift */ = {isa = PBXFileReference; lastKnownFileType = sourcecode.swift; path = WeatherCollectionDTO.swift; sourceTree = "<group>"; };
		0A657934274EF6D70027595F /* AddLocationViewModel.swift */ = {isa = PBXFileReference; lastKnownFileType = sourcecode.swift; path = AddLocationViewModel.swift; sourceTree = "<group>"; };
		0A657936274EFECE0027595F /* ApiError.swift */ = {isa = PBXFileReference; lastKnownFileType = sourcecode.swift; path = ApiError.swift; sourceTree = "<group>"; };
		0A657938274F0CC00027595F /* DailyForecastDTO.swift */ = {isa = PBXFileReference; lastKnownFileType = sourcecode.swift; path = DailyForecastDTO.swift; sourceTree = "<group>"; };
		0A65793A274F0D420027595F /* CurrentWeatherDTO.swift */ = {isa = PBXFileReference; lastKnownFileType = sourcecode.swift; path = CurrentWeatherDTO.swift; sourceTree = "<group>"; };
		0A65793C274F0E3E0027595F /* RainDTO.swift */ = {isa = PBXFileReference; lastKnownFileType = sourcecode.swift; path = RainDTO.swift; sourceTree = "<group>"; };
		0A65793E274F11A30027595F /* WeatherDTO.swift */ = {isa = PBXFileReference; lastKnownFileType = sourcecode.swift; path = WeatherDTO.swift; sourceTree = "<group>"; };
		0A657940274F12380027595F /* TemperatureDTO.swift */ = {isa = PBXFileReference; lastKnownFileType = sourcecode.swift; path = TemperatureDTO.swift; sourceTree = "<group>"; };
		0A657942274F125C0027595F /* FeelsLikeDTO.swift */ = {isa = PBXFileReference; lastKnownFileType = sourcecode.swift; path = FeelsLikeDTO.swift; sourceTree = "<group>"; };
		0A9854BB274D56860090336F /* RoundButton.swift */ = {isa = PBXFileReference; lastKnownFileType = sourcecode.swift; path = RoundButton.swift; sourceTree = "<group>"; };
		0A9854D5274D6ED60090336F /* WeatherTabView.swift */ = {isa = PBXFileReference; lastKnownFileType = sourcecode.swift; path = WeatherTabView.swift; sourceTree = "<group>"; };
		0A9854D8274D71B80090336F /* LocationAndTripSliderView.swift */ = {isa = PBXFileReference; lastKnownFileType = sourcecode.swift; path = LocationAndTripSliderView.swift; sourceTree = "<group>"; };
		0A9854DA274D721E0090336F /* AddLocationTabView.swift */ = {isa = PBXFileReference; lastKnownFileType = sourcecode.swift; path = AddLocationTabView.swift; sourceTree = "<group>"; };
		0A9854DD274D72D70090336F /* CurrentWeatherTabView.swift */ = {isa = PBXFileReference; lastKnownFileType = sourcecode.swift; path = CurrentWeatherTabView.swift; sourceTree = "<group>"; };
		0A9854DF274D73120090336F /* TripTabView.swift */ = {isa = PBXFileReference; lastKnownFileType = sourcecode.swift; path = TripTabView.swift; sourceTree = "<group>"; };
		0A9854E1274D735F0090336F /* AddTripTabView.swift */ = {isa = PBXFileReference; lastKnownFileType = sourcecode.swift; path = AddTripTabView.swift; sourceTree = "<group>"; };
		0AAA5F56273ABA7700ECB7C4 /* WeatherLineViewModel.swift */ = {isa = PBXFileReference; lastKnownFileType = sourcecode.swift; path = WeatherLineViewModel.swift; sourceTree = "<group>"; };
		0AAD7AAD274D956400494FBD /* Card.swift */ = {isa = PBXFileReference; lastKnownFileType = sourcecode.swift; path = Card.swift; sourceTree = "<group>"; };
		0AAD7AB4274E706000494FBD /* LocationAndTripSliderViewModel.swift */ = {isa = PBXFileReference; lastKnownFileType = sourcecode.swift; path = LocationAndTripSliderViewModel.swift; sourceTree = "<group>"; };
		0AAD7AB7274E725C00494FBD /* Tabs.swift */ = {isa = PBXFileReference; lastKnownFileType = sourcecode.swift; path = Tabs.swift; sourceTree = "<group>"; };
		0AAD7AB9274E7FFA00494FBD /* PlusButton.swift */ = {isa = PBXFileReference; lastKnownFileType = sourcecode.swift; path = PlusButton.swift; sourceTree = "<group>"; };
		0AAD7ABB274E821300494FBD /* Location.swift */ = {isa = PBXFileReference; lastKnownFileType = sourcecode.swift; path = Location.swift; sourceTree = "<group>"; };
		0AAD7ABE274E889400494FBD /* WeatherLineStyling.swift */ = {isa = PBXFileReference; lastKnownFileType = sourcecode.swift; path = WeatherLineStyling.swift; sourceTree = "<group>"; };
		0AAD7AC3274E8A2900494FBD /* WeatherIconStyling.swift */ = {isa = PBXFileReference; lastKnownFileType = sourcecode.swift; path = WeatherIconStyling.swift; sourceTree = "<group>"; };
		0AAD7AC5274E8A4800494FBD /* WeatherIconViewModel.swift */ = {isa = PBXFileReference; lastKnownFileType = sourcecode.swift; path = WeatherIconViewModel.swift; sourceTree = "<group>"; };
		0ADD1D662739657200649B44 /* WeatherLine.swift */ = {isa = PBXFileReference; lastKnownFileType = sourcecode.swift; path = WeatherLine.swift; sourceTree = "<group>"; };
		0ADD1D68273965A500649B44 /* WeatherForecast.swift */ = {isa = PBXFileReference; lastKnownFileType = sourcecode.swift; path = WeatherForecast.swift; sourceTree = "<group>"; };
		0ADD1D7527397E2E00649B44 /* WeatherIcon.swift */ = {isa = PBXFileReference; lastKnownFileType = sourcecode.swift; path = WeatherIcon.swift; sourceTree = "<group>"; };
		0ADD1D7727397E8700649B44 /* WeatherStatus.swift */ = {isa = PBXFileReference; lastKnownFileType = sourcecode.swift; path = WeatherStatus.swift; sourceTree = "<group>"; };
/* End PBXFileReference section */

/* Begin PBXFrameworksBuildPhase section */
		0A2E29242728580C00D3EC34 /* Frameworks */ = {
			isa = PBXFrameworksBuildPhase;
			buildActionMask = 2147483647;
			files = (
				0A101E752731A0CB00A25C9B /* Swinject in Frameworks */,
			);
			runOnlyForDeploymentPostprocessing = 0;
		};
/* End PBXFrameworksBuildPhase section */

/* Begin PBXGroup section */
		0A101E6D2731977800A25C9B /* Services */ = {
			isa = PBXGroup;
			children = (
				0A657927274ED8BC0027595F /* DTOs */,
				0A101E6E2731978600A25C9B /* OpenWeatherApi.swift */,
				0A657936274EFECE0027595F /* ApiError.swift */,
			);
			path = Services;
			sourceTree = "<group>";
		};
		0A101E702731979000A25C9B /* ServiceRegistry */ = {
			isa = PBXGroup;
			children = (
				0A101E71273197A000A25C9B /* Inject.swift */,
				0A101E762731A6B900A25C9B /* ServiceRegistry.swift */,
			);
			path = ServiceRegistry;
			sourceTree = "<group>";
		};
		0A2E291E2728580C00D3EC34 = {
			isa = PBXGroup;
			children = (
				0A2E29292728580C00D3EC34 /* Skywalker */,
				0A2E29282728580C00D3EC34 /* Products */,
			);
			sourceTree = "<group>";
		};
		0A2E29282728580C00D3EC34 /* Products */ = {
			isa = PBXGroup;
			children = (
				0A2E29272728580C00D3EC34 /* Skywalker.app */,
			);
			name = Products;
			sourceTree = "<group>";
		};
		0A2E29292728580C00D3EC34 /* Skywalker */ = {
			isa = PBXGroup;
			children = (
				0A63ED04276CE07500A8970A /* Info.plist */,
				0A63ED06276CEBDA00A8970A /* ThirdParty */,
				0A101E702731979000A25C9B /* ServiceRegistry */,
				0A101E6D2731977800A25C9B /* Services */,
				0A64B3E0274C5018003EF88B /* EnvironmentObjects */,
				0A9854D2274D6C900090336F /* Models */,
				0A9854C0274D68140090336F /* Features */,
				0A9854BF274D67D90090336F /* Components */,
				0A2E292A2728580C00D3EC34 /* SkywalkerApp.swift */,
				0A2E292E2728580D00D3EC34 /* Assets.xcassets */,
				0A2E29302728580D00D3EC34 /* Preview Content */,
			);
			path = Skywalker;
			sourceTree = "<group>";
		};
		0A2E29302728580D00D3EC34 /* Preview Content */ = {
			isa = PBXGroup;
			children = (
				0A2E29312728580D00D3EC34 /* Preview Assets.xcassets */,
			);
			path = "Preview Content";
			sourceTree = "<group>";
		};
		0A63ED06276CEBDA00A8970A /* ThirdParty */ = {
			isa = PBXGroup;
			children = (
				0A1A40F9276CECF100CEAA56 /* LocationProvider.swift */,
			);
			path = ThirdParty;
			sourceTree = "<group>";
		};
		0A64B3E0274C5018003EF88B /* EnvironmentObjects */ = {
			isa = PBXGroup;
			children = (
				0A64B3DE274C4F69003EF88B /* UserData.swift */,
				0A63ECF1276CA5A600A8970A /* SaveLocationError.swift */,
			);
			path = EnvironmentObjects;
			sourceTree = "<group>";
		};
		0A657927274ED8BC0027595F /* DTOs */ = {
			isa = PBXGroup;
			children = (
				0A657930274EE1220027595F /* GeoLocationDTO.swift */,
				0A657932274EF3C50027595F /* WeatherCollectionDTO.swift */,
				0A657938274F0CC00027595F /* DailyForecastDTO.swift */,
				0A65793A274F0D420027595F /* CurrentWeatherDTO.swift */,
				0A65793C274F0E3E0027595F /* RainDTO.swift */,
				0A65793E274F11A30027595F /* WeatherDTO.swift */,
				0A657940274F12380027595F /* TemperatureDTO.swift */,
				0A657942274F125C0027595F /* FeelsLikeDTO.swift */,
			);
			path = DTOs;
			sourceTree = "<group>";
		};
		0A9854BF274D67D90090336F /* Components */ = {
			isa = PBXGroup;
			children = (
				0A9854CA274D69870090336F /* Weather */,
				0A9854C3274D68670090336F /* Buttons */,
				0AAD7AAD274D956400494FBD /* Card.swift */,
			);
			path = Components;
			sourceTree = "<group>";
		};
		0A9854C0274D68140090336F /* Features */ = {
			isa = PBXGroup;
			children = (
				0A9854C2274D683B0090336F /* Weather */,
				0A9854D7274D6F3C0090336F /* LocationAndTripSlider */,
				0A9854C9274D69590090336F /* AddTrip */,
				0A9854C8274D69530090336F /* AddLocation */,
				0A9854C1274D682C0090336F /* TripWeather */,
			);
			path = Features;
			sourceTree = "<group>";
		};
		0A9854C1274D682C0090336F /* TripWeather */ = {
			isa = PBXGroup;
			children = (
				0A2E296F2728973A00D3EC34 /* Trip.swift */,
				0A2E296C2728972100D3EC34 /* TripViewModel.swift */,
				0A2E293B27285A0A00D3EC34 /* TripView.swift */,
			);
			path = TripWeather;
			sourceTree = "<group>";
		};
		0A9854C2274D683B0090336F /* Weather */ = {
			isa = PBXGroup;
			children = (
				0A101E6B2731974800A25C9B /* WeatherViewModel.swift */,
				0A2E293F27285BA800D3EC34 /* WeatherView.swift */,
			);
			path = Weather;
			sourceTree = "<group>";
		};
		0A9854C3274D68670090336F /* Buttons */ = {
			isa = PBXGroup;
			children = (
				0A9854BB274D56860090336F /* RoundButton.swift */,
				0AAD7AB9274E7FFA00494FBD /* PlusButton.swift */,
			);
			path = Buttons;
			sourceTree = "<group>";
		};
		0A9854C8274D69530090336F /* AddLocation */ = {
			isa = PBXGroup;
			children = (
				0A04C37B2739DC5800D93925 /* AddLocationView.swift */,
				0A657934274EF6D70027595F /* AddLocationViewModel.swift */,
			);
			path = AddLocation;
			sourceTree = "<group>";
		};
		0A9854C9274D69590090336F /* AddTrip */ = {
			isa = PBXGroup;
			children = (
				0A04C37D2739DE5D00D93925 /* AddTripView.swift */,
			);
			path = AddTrip;
			sourceTree = "<group>";
		};
		0A9854CA274D69870090336F /* Weather */ = {
			isa = PBXGroup;
			children = (
				0AAD7AC2274E8A1800494FBD /* WeatherIcon */,
				0AAD7AC1274E8A0B00494FBD /* WeatherForecast */,
				0AAD7AC0274E899700494FBD /* WeatherLine */,
			);
			path = Weather;
			sourceTree = "<group>";
		};
		0A9854D2274D6C900090336F /* Models */ = {
			isa = PBXGroup;
			children = (
				0AAD7ABB274E821300494FBD /* Location.swift */,
				0A2E2973272897CE00D3EC34 /* Weather.swift */,
				0ADD1D7727397E8700649B44 /* WeatherStatus.swift */,
			);
			path = Models;
			sourceTree = "<group>";
		};
		0A9854D3274D6EBF0090336F /* Tabs */ = {
			isa = PBXGroup;
			children = (
				0A9854D5274D6ED60090336F /* WeatherTabView.swift */,
				0A9854DA274D721E0090336F /* AddLocationTabView.swift */,
				0A9854DD274D72D70090336F /* CurrentWeatherTabView.swift */,
				0A9854DF274D73120090336F /* TripTabView.swift */,
				0A9854E1274D735F0090336F /* AddTripTabView.swift */,
			);
			path = Tabs;
			sourceTree = "<group>";
		};
		0A9854D7274D6F3C0090336F /* LocationAndTripSlider */ = {
			isa = PBXGroup;
			children = (
				0AAD7AB6274E722900494FBD /* Models */,
				0A9854D3274D6EBF0090336F /* Tabs */,
				0A9854D8274D71B80090336F /* LocationAndTripSliderView.swift */,
				0AAD7AB4274E706000494FBD /* LocationAndTripSliderViewModel.swift */,
			);
			path = LocationAndTripSlider;
			sourceTree = "<group>";
		};
		0AAD7AB6274E722900494FBD /* Models */ = {
			isa = PBXGroup;
			children = (
				0AAD7AB7274E725C00494FBD /* Tabs.swift */,
			);
			path = Models;
			sourceTree = "<group>";
		};
		0AAD7AC0274E899700494FBD /* WeatherLine */ = {
			isa = PBXGroup;
			children = (
				0AAA5F56273ABA7700ECB7C4 /* WeatherLineViewModel.swift */,
				0ADD1D662739657200649B44 /* WeatherLine.swift */,
				0AAD7ABE274E889400494FBD /* WeatherLineStyling.swift */,
			);
			path = WeatherLine;
			sourceTree = "<group>";
		};
		0AAD7AC1274E8A0B00494FBD /* WeatherForecast */ = {
			isa = PBXGroup;
			children = (
				0ADD1D68273965A500649B44 /* WeatherForecast.swift */,
			);
			path = WeatherForecast;
			sourceTree = "<group>";
		};
		0AAD7AC2274E8A1800494FBD /* WeatherIcon */ = {
			isa = PBXGroup;
			children = (
				0ADD1D7527397E2E00649B44 /* WeatherIcon.swift */,
				0AAD7AC3274E8A2900494FBD /* WeatherIconStyling.swift */,
				0AAD7AC5274E8A4800494FBD /* WeatherIconViewModel.swift */,
			);
			path = WeatherIcon;
			sourceTree = "<group>";
		};
/* End PBXGroup section */

/* Begin PBXNativeTarget section */
		0A2E29262728580C00D3EC34 /* Skywalker */ = {
			isa = PBXNativeTarget;
			buildConfigurationList = 0A2E29352728580D00D3EC34 /* Build configuration list for PBXNativeTarget "Skywalker" */;
			buildPhases = (
				0A2E29232728580C00D3EC34 /* Sources */,
				0A2E29242728580C00D3EC34 /* Frameworks */,
				0A2E29252728580C00D3EC34 /* Resources */,
			);
			buildRules = (
			);
			dependencies = (
			);
			name = Skywalker;
			packageProductDependencies = (
				0A101E742731A0CB00A25C9B /* Swinject */,
			);
			productName = Skywalker;
			productReference = 0A2E29272728580C00D3EC34 /* Skywalker.app */;
			productType = "com.apple.product-type.application";
		};
/* End PBXNativeTarget section */

/* Begin PBXProject section */
		0A2E291F2728580C00D3EC34 /* Project object */ = {
			isa = PBXProject;
			attributes = {
				BuildIndependentTargetsInParallel = 1;
				LastSwiftUpdateCheck = 1310;
				LastUpgradeCheck = 1310;
				TargetAttributes = {
					0A2E29262728580C00D3EC34 = {
						CreatedOnToolsVersion = 13.1;
					};
				};
			};
			buildConfigurationList = 0A2E29222728580C00D3EC34 /* Build configuration list for PBXProject "Skywalker" */;
			compatibilityVersion = "Xcode 9.3";
			developmentRegion = en;
			hasScannedForEncodings = 0;
			knownRegions = (
				en,
				Base,
			);
			mainGroup = 0A2E291E2728580C00D3EC34;
			packageReferences = (
				0A101E732731A0CB00A25C9B /* XCRemoteSwiftPackageReference "Swinject" */,
			);
			productRefGroup = 0A2E29282728580C00D3EC34 /* Products */;
			projectDirPath = "";
			projectRoot = "";
			targets = (
				0A2E29262728580C00D3EC34 /* Skywalker */,
			);
		};
/* End PBXProject section */

/* Begin PBXResourcesBuildPhase section */
		0A2E29252728580C00D3EC34 /* Resources */ = {
			isa = PBXResourcesBuildPhase;
			buildActionMask = 2147483647;
			files = (
				0A2E29322728580D00D3EC34 /* Preview Assets.xcassets in Resources */,
				0A2E292F2728580D00D3EC34 /* Assets.xcassets in Resources */,
			);
			runOnlyForDeploymentPostprocessing = 0;
		};
/* End PBXResourcesBuildPhase section */

/* Begin PBXSourcesBuildPhase section */
		0A2E29232728580C00D3EC34 /* Sources */ = {
			isa = PBXSourcesBuildPhase;
			buildActionMask = 2147483647;
			files = (
				0AAD7AB5274E706000494FBD /* LocationAndTripSliderViewModel.swift in Sources */,
				0A65793D274F0E3E0027595F /* RainDTO.swift in Sources */,
				0A101E772731A6B900A25C9B /* ServiceRegistry.swift in Sources */,
				0AAD7ABC274E821300494FBD /* Location.swift in Sources */,
				0A101E72273197A000A25C9B /* Inject.swift in Sources */,
				0A65793B274F0D420027595F /* CurrentWeatherDTO.swift in Sources */,
				0AAD7AC6274E8A4800494FBD /* WeatherIconViewModel.swift in Sources */,
				0AAD7ABF274E889400494FBD /* WeatherLineStyling.swift in Sources */,
				0A2E296D2728972100D3EC34 /* TripViewModel.swift in Sources */,
				0AAD7AAE274D956400494FBD /* Card.swift in Sources */,
				0A657941274F12380027595F /* TemperatureDTO.swift in Sources */,
				0A657943274F125C0027595F /* FeelsLikeDTO.swift in Sources */,
				0ADD1D7627397E2E00649B44 /* WeatherIcon.swift in Sources */,
				0ADD1D7827397E8700649B44 /* WeatherStatus.swift in Sources */,
				0A101E6F2731978600A25C9B /* OpenWeatherApi.swift in Sources */,
				0A657937274EFECE0027595F /* ApiError.swift in Sources */,
				0A63ECF2276CA5A600A8970A /* SaveLocationError.swift in Sources */,
				0ADD1D69273965A500649B44 /* WeatherForecast.swift in Sources */,
				0A657931274EE1220027595F /* GeoLocationDTO.swift in Sources */,
				0AAD7ABA274E7FFA00494FBD /* PlusButton.swift in Sources */,
				0A2E2974272897CE00D3EC34 /* Weather.swift in Sources */,
				0A2E294027285BA800D3EC34 /* WeatherView.swift in Sources */,
				0A9854D6274D6ED60090336F /* WeatherTabView.swift in Sources */,
				0A9854DE274D72D70090336F /* CurrentWeatherTabView.swift in Sources */,
				0AAD7AB8274E725C00494FBD /* Tabs.swift in Sources */,
				0A9854D9274D71B80090336F /* LocationAndTripSliderView.swift in Sources */,
				0A2E29702728973A00D3EC34 /* Trip.swift in Sources */,
				0A657933274EF3C50027595F /* WeatherCollectionDTO.swift in Sources */,
				0A9854BC274D56860090336F /* RoundButton.swift in Sources */,
				0A101E6C2731974800A25C9B /* WeatherViewModel.swift in Sources */,
				0A9854E0274D73120090336F /* TripTabView.swift in Sources */,
				0AAD7AC4274E8A2900494FBD /* WeatherIconStyling.swift in Sources */,
				0A9854E2274D735F0090336F /* AddTripTabView.swift in Sources */,
				0A64B3DF274C4F69003EF88B /* UserData.swift in Sources */,
				0A2E292B2728580C00D3EC34 /* SkywalkerApp.swift in Sources */,
				0A9854DB274D721E0090336F /* AddLocationTabView.swift in Sources */,
				0A65793F274F11A30027595F /* WeatherDTO.swift in Sources */,
				0A657935274EF6D70027595F /* AddLocationViewModel.swift in Sources */,
				0A657939274F0CC00027595F /* DailyForecastDTO.swift in Sources */,
				0A1A40FA276CECF100CEAA56 /* LocationProvider.swift in Sources */,
				0ADD1D672739657300649B44 /* WeatherLine.swift in Sources */,
				0A04C37E2739DE5D00D93925 /* AddTripView.swift in Sources */,
				0A04C37C2739DC5800D93925 /* AddLocationView.swift in Sources */,
				0A2E293C27285A0A00D3EC34 /* TripView.swift in Sources */,
				0AAA5F57273ABA7700ECB7C4 /* WeatherLineViewModel.swift in Sources */,
			);
			runOnlyForDeploymentPostprocessing = 0;
		};
/* End PBXSourcesBuildPhase section */

/* Begin XCBuildConfiguration section */
		0A2E29332728580D00D3EC34 /* Debug */ = {
			isa = XCBuildConfiguration;
			buildSettings = {
				ALWAYS_SEARCH_USER_PATHS = NO;
				CLANG_ANALYZER_NONNULL = YES;
				CLANG_ANALYZER_NUMBER_OBJECT_CONVERSION = YES_AGGRESSIVE;
				CLANG_CXX_LANGUAGE_STANDARD = "gnu++17";
				CLANG_CXX_LIBRARY = "libc++";
				CLANG_ENABLE_MODULES = YES;
				CLANG_ENABLE_OBJC_ARC = YES;
				CLANG_ENABLE_OBJC_WEAK = YES;
				CLANG_WARN_BLOCK_CAPTURE_AUTORELEASING = YES;
				CLANG_WARN_BOOL_CONVERSION = YES;
				CLANG_WARN_COMMA = YES;
				CLANG_WARN_CONSTANT_CONVERSION = YES;
				CLANG_WARN_DEPRECATED_OBJC_IMPLEMENTATIONS = YES;
				CLANG_WARN_DIRECT_OBJC_ISA_USAGE = YES_ERROR;
				CLANG_WARN_DOCUMENTATION_COMMENTS = YES;
				CLANG_WARN_EMPTY_BODY = YES;
				CLANG_WARN_ENUM_CONVERSION = YES;
				CLANG_WARN_INFINITE_RECURSION = YES;
				CLANG_WARN_INT_CONVERSION = YES;
				CLANG_WARN_NON_LITERAL_NULL_CONVERSION = YES;
				CLANG_WARN_OBJC_IMPLICIT_RETAIN_SELF = YES;
				CLANG_WARN_OBJC_LITERAL_CONVERSION = YES;
				CLANG_WARN_OBJC_ROOT_CLASS = YES_ERROR;
				CLANG_WARN_QUOTED_INCLUDE_IN_FRAMEWORK_HEADER = YES;
				CLANG_WARN_RANGE_LOOP_ANALYSIS = YES;
				CLANG_WARN_STRICT_PROTOTYPES = YES;
				CLANG_WARN_SUSPICIOUS_MOVE = YES;
				CLANG_WARN_UNGUARDED_AVAILABILITY = YES_AGGRESSIVE;
				CLANG_WARN_UNREACHABLE_CODE = YES;
				CLANG_WARN__DUPLICATE_METHOD_MATCH = YES;
				COPY_PHASE_STRIP = NO;
				DEBUG_INFORMATION_FORMAT = dwarf;
				ENABLE_STRICT_OBJC_MSGSEND = YES;
				ENABLE_TESTABILITY = YES;
				GCC_C_LANGUAGE_STANDARD = gnu11;
				GCC_DYNAMIC_NO_PIC = NO;
				GCC_NO_COMMON_BLOCKS = YES;
				GCC_OPTIMIZATION_LEVEL = 0;
				GCC_PREPROCESSOR_DEFINITIONS = (
					"DEBUG=1",
					"$(inherited)",
				);
				GCC_WARN_64_TO_32_BIT_CONVERSION = YES;
				GCC_WARN_ABOUT_RETURN_TYPE = YES_ERROR;
				GCC_WARN_UNDECLARED_SELECTOR = YES;
				GCC_WARN_UNINITIALIZED_AUTOS = YES_AGGRESSIVE;
				GCC_WARN_UNUSED_FUNCTION = YES;
				GCC_WARN_UNUSED_VARIABLE = YES;
				IPHONEOS_DEPLOYMENT_TARGET = 15.0;
				MTL_ENABLE_DEBUG_INFO = INCLUDE_SOURCE;
				MTL_FAST_MATH = YES;
				ONLY_ACTIVE_ARCH = YES;
				SDKROOT = iphoneos;
				SWIFT_ACTIVE_COMPILATION_CONDITIONS = DEBUG;
				SWIFT_OPTIMIZATION_LEVEL = "-Onone";
			};
			name = Debug;
		};
		0A2E29342728580D00D3EC34 /* Release */ = {
			isa = XCBuildConfiguration;
			buildSettings = {
				ALWAYS_SEARCH_USER_PATHS = NO;
				CLANG_ANALYZER_NONNULL = YES;
				CLANG_ANALYZER_NUMBER_OBJECT_CONVERSION = YES_AGGRESSIVE;
				CLANG_CXX_LANGUAGE_STANDARD = "gnu++17";
				CLANG_CXX_LIBRARY = "libc++";
				CLANG_ENABLE_MODULES = YES;
				CLANG_ENABLE_OBJC_ARC = YES;
				CLANG_ENABLE_OBJC_WEAK = YES;
				CLANG_WARN_BLOCK_CAPTURE_AUTORELEASING = YES;
				CLANG_WARN_BOOL_CONVERSION = YES;
				CLANG_WARN_COMMA = YES;
				CLANG_WARN_CONSTANT_CONVERSION = YES;
				CLANG_WARN_DEPRECATED_OBJC_IMPLEMENTATIONS = YES;
				CLANG_WARN_DIRECT_OBJC_ISA_USAGE = YES_ERROR;
				CLANG_WARN_DOCUMENTATION_COMMENTS = YES;
				CLANG_WARN_EMPTY_BODY = YES;
				CLANG_WARN_ENUM_CONVERSION = YES;
				CLANG_WARN_INFINITE_RECURSION = YES;
				CLANG_WARN_INT_CONVERSION = YES;
				CLANG_WARN_NON_LITERAL_NULL_CONVERSION = YES;
				CLANG_WARN_OBJC_IMPLICIT_RETAIN_SELF = YES;
				CLANG_WARN_OBJC_LITERAL_CONVERSION = YES;
				CLANG_WARN_OBJC_ROOT_CLASS = YES_ERROR;
				CLANG_WARN_QUOTED_INCLUDE_IN_FRAMEWORK_HEADER = YES;
				CLANG_WARN_RANGE_LOOP_ANALYSIS = YES;
				CLANG_WARN_STRICT_PROTOTYPES = YES;
				CLANG_WARN_SUSPICIOUS_MOVE = YES;
				CLANG_WARN_UNGUARDED_AVAILABILITY = YES_AGGRESSIVE;
				CLANG_WARN_UNREACHABLE_CODE = YES;
				CLANG_WARN__DUPLICATE_METHOD_MATCH = YES;
				COPY_PHASE_STRIP = NO;
				DEBUG_INFORMATION_FORMAT = "dwarf-with-dsym";
				ENABLE_NS_ASSERTIONS = NO;
				ENABLE_STRICT_OBJC_MSGSEND = YES;
				GCC_C_LANGUAGE_STANDARD = gnu11;
				GCC_NO_COMMON_BLOCKS = YES;
				GCC_WARN_64_TO_32_BIT_CONVERSION = YES;
				GCC_WARN_ABOUT_RETURN_TYPE = YES_ERROR;
				GCC_WARN_UNDECLARED_SELECTOR = YES;
				GCC_WARN_UNINITIALIZED_AUTOS = YES_AGGRESSIVE;
				GCC_WARN_UNUSED_FUNCTION = YES;
				GCC_WARN_UNUSED_VARIABLE = YES;
				IPHONEOS_DEPLOYMENT_TARGET = 15.0;
				MTL_ENABLE_DEBUG_INFO = NO;
				MTL_FAST_MATH = YES;
				SDKROOT = iphoneos;
				SWIFT_COMPILATION_MODE = wholemodule;
				SWIFT_OPTIMIZATION_LEVEL = "-O";
				VALIDATE_PRODUCT = YES;
			};
			name = Release;
		};
		0A2E29362728580D00D3EC34 /* Debug */ = {
			isa = XCBuildConfiguration;
			buildSettings = {
				ASSETCATALOG_COMPILER_APPICON_NAME = AppIcon;
				ASSETCATALOG_COMPILER_GLOBAL_ACCENT_COLOR_NAME = AccentColor;
				CODE_SIGN_STYLE = Automatic;
				CURRENT_PROJECT_VERSION = 1;
				DEVELOPMENT_ASSET_PATHS = "\"Skywalker/Preview Content\"";
				DEVELOPMENT_TEAM = F2NXL88V7B;
				ENABLE_PREVIEWS = YES;
				GENERATE_INFOPLIST_FILE = YES;
				INFOPLIST_FILE = Skywalker/Info.plist;
				INFOPLIST_KEY_LSApplicationCategoryType = "";
				INFOPLIST_KEY_NSLocationAlwaysAndWhenInUseUsageDescription = "Uses location to check weather at your location.";
				INFOPLIST_KEY_NSLocationAlwaysUsageDescription = "Uses location to check weather at your location.";
				INFOPLIST_KEY_NSLocationWhenInUseUsageDescription = "Uses location to check weather at your location.";
				INFOPLIST_KEY_UIApplicationSceneManifest_Generation = YES;
				INFOPLIST_KEY_UIApplicationSupportsIndirectInputEvents = YES;
				INFOPLIST_KEY_UILaunchScreen_Generation = YES;
				INFOPLIST_KEY_UISupportedInterfaceOrientations_iPad = "UIInterfaceOrientationPortrait UIInterfaceOrientationPortraitUpsideDown UIInterfaceOrientationLandscapeLeft UIInterfaceOrientationLandscapeRight";
				INFOPLIST_KEY_UISupportedInterfaceOrientations_iPhone = "UIInterfaceOrientationPortrait UIInterfaceOrientationLandscapeLeft UIInterfaceOrientationLandscapeRight";
				IPHONEOS_DEPLOYMENT_TARGET = 15.0;
				LD_RUNPATH_SEARCH_PATHS = (
					"$(inherited)",
					"@executable_path/Frameworks",
				);
				MARKETING_VERSION = 1.0;
				PRODUCT_BUNDLE_IDENTIFIER = niem94.Skywalker;
				PRODUCT_NAME = "$(TARGET_NAME)";
				SWIFT_EMIT_LOC_STRINGS = YES;
				SWIFT_VERSION = 5.0;
				TARGETED_DEVICE_FAMILY = "1,2";
			};
			name = Debug;
		};
		0A2E29372728580D00D3EC34 /* Release */ = {
			isa = XCBuildConfiguration;
			buildSettings = {
				ASSETCATALOG_COMPILER_APPICON_NAME = AppIcon;
				ASSETCATALOG_COMPILER_GLOBAL_ACCENT_COLOR_NAME = AccentColor;
				CODE_SIGN_STYLE = Automatic;
				CURRENT_PROJECT_VERSION = 1;
				DEVELOPMENT_ASSET_PATHS = "\"Skywalker/Preview Content\"";
				DEVELOPMENT_TEAM = F2NXL88V7B;
				ENABLE_PREVIEWS = YES;
				GENERATE_INFOPLIST_FILE = YES;
				INFOPLIST_FILE = Skywalker/Info.plist;
				INFOPLIST_KEY_LSApplicationCategoryType = "";
				INFOPLIST_KEY_NSLocationAlwaysAndWhenInUseUsageDescription = "Uses location to check weather at your location.";
				INFOPLIST_KEY_NSLocationAlwaysUsageDescription = "Uses location to check weather at your location.";
				INFOPLIST_KEY_NSLocationWhenInUseUsageDescription = "Uses location to check weather at your location.";
				INFOPLIST_KEY_UIApplicationSceneManifest_Generation = YES;
				INFOPLIST_KEY_UIApplicationSupportsIndirectInputEvents = YES;
				INFOPLIST_KEY_UILaunchScreen_Generation = YES;
				INFOPLIST_KEY_UISupportedInterfaceOrientations_iPad = "UIInterfaceOrientationPortrait UIInterfaceOrientationPortraitUpsideDown UIInterfaceOrientationLandscapeLeft UIInterfaceOrientationLandscapeRight";
				INFOPLIST_KEY_UISupportedInterfaceOrientations_iPhone = "UIInterfaceOrientationPortrait UIInterfaceOrientationLandscapeLeft UIInterfaceOrientationLandscapeRight";
				IPHONEOS_DEPLOYMENT_TARGET = 15.0;
				LD_RUNPATH_SEARCH_PATHS = (
					"$(inherited)",
					"@executable_path/Frameworks",
				);
				MARKETING_VERSION = 1.0;
				PRODUCT_BUNDLE_IDENTIFIER = niem94.Skywalker;
				PRODUCT_NAME = "$(TARGET_NAME)";
				SWIFT_EMIT_LOC_STRINGS = YES;
				SWIFT_VERSION = 5.0;
				TARGETED_DEVICE_FAMILY = "1,2";
			};
			name = Release;
		};
/* End XCBuildConfiguration section */

/* Begin XCConfigurationList section */
		0A2E29222728580C00D3EC34 /* Build configuration list for PBXProject "Skywalker" */ = {
			isa = XCConfigurationList;
			buildConfigurations = (
				0A2E29332728580D00D3EC34 /* Debug */,
				0A2E29342728580D00D3EC34 /* Release */,
			);
			defaultConfigurationIsVisible = 0;
			defaultConfigurationName = Release;
		};
		0A2E29352728580D00D3EC34 /* Build configuration list for PBXNativeTarget "Skywalker" */ = {
			isa = XCConfigurationList;
			buildConfigurations = (
				0A2E29362728580D00D3EC34 /* Debug */,
				0A2E29372728580D00D3EC34 /* Release */,
			);
			defaultConfigurationIsVisible = 0;
			defaultConfigurationName = Release;
		};
/* End XCConfigurationList section */

/* Begin XCRemoteSwiftPackageReference section */
		0A101E732731A0CB00A25C9B /* XCRemoteSwiftPackageReference "Swinject" */ = {
			isa = XCRemoteSwiftPackageReference;
			repositoryURL = "https://github.com/Swinject/Swinject";
			requirement = {
				kind = upToNextMajorVersion;
				minimumVersion = 2.0.0;
			};
		};
/* End XCRemoteSwiftPackageReference section */

/* Begin XCSwiftPackageProductDependency section */
		0A101E742731A0CB00A25C9B /* Swinject */ = {
			isa = XCSwiftPackageProductDependency;
			package = 0A101E732731A0CB00A25C9B /* XCRemoteSwiftPackageReference "Swinject" */;
			productName = Swinject;
		};
/* End XCSwiftPackageProductDependency section */
	};
	rootObject = 0A2E291F2728580C00D3EC34 /* Project object */;
}
